// !$*UTF8*$!
{
	archiveVersion = 1;
	classes = {
	};
	objectVersion = 77;
	objects = {

/* Begin PBXContainerItemProxy section */
		E2D331D12DA6D41900DF848C /* PBXContainerItemProxy */ = {
			isa = PBXContainerItemProxy;
			containerPortal = E2D331BB2DA6D41600DF848C /* Project object */;
			proxyType = 1;
			remoteGlobalIDString = E2D331C22DA6D41600DF848C;
			remoteInfo = EmotionsLabTherapist;
		};
		E2D331DB2DA6D41900DF848C /* PBXContainerItemProxy */ = {
			isa = PBXContainerItemProxy;
			containerPortal = E2D331BB2DA6D41600DF848C /* Project object */;
			proxyType = 1;
			remoteGlobalIDString = E2D331C22DA6D41600DF848C;
			remoteInfo = EmotionsLabTherapist;
		};
/* End PBXContainerItemProxy section */

/* Begin PBXFileReference section */
		E2D331C32DA6D41600DF848C /* EmotionsLabTherapist.app */ = {isa = PBXFileReference; explicitFileType = wrapper.application; includeInIndex = 0; path = EmotionsLabTherapist.app; sourceTree = BUILT_PRODUCTS_DIR; };
		E2D331D02DA6D41900DF848C /* EmotionsLabTherapistTests.xctest */ = {isa = PBXFileReference; explicitFileType = wrapper.cfbundle; includeInIndex = 0; path = EmotionsLabTherapistTests.xctest; sourceTree = BUILT_PRODUCTS_DIR; };
		E2D331DA2DA6D41900DF848C /* EmotionsLabTherapistUITests.xctest */ = {isa = PBXFileReference; explicitFileType = wrapper.cfbundle; includeInIndex = 0; path = EmotionsLabTherapistUITests.xctest; sourceTree = BUILT_PRODUCTS_DIR; };
/* End PBXFileReference section */

/* Begin PBXFileSystemSynchronizedRootGroup section */
		E2D331C52DA6D41600DF848C /* EmotionsLabTherapist */ = {
			isa = PBXFileSystemSynchronizedRootGroup;
			path = EmotionsLabTherapist;
			sourceTree = "<group>";
		};
		E2D331D32DA6D41900DF848C /* EmotionsLabTherapistTests */ = {
			isa = PBXFileSystemSynchronizedRootGroup;
			path = EmotionsLabTherapistTests;
			sourceTree = "<group>";
		};
		E2D331DD2DA6D41900DF848C /* EmotionsLabTherapistUITests */ = {
			isa = PBXFileSystemSynchronizedRootGroup;
			path = EmotionsLabTherapistUITests;
			sourceTree = "<group>";
		};
/* End PBXFileSystemSynchronizedRootGroup section */

/* Begin PBXFrameworksBuildPhase section */
		E2D331C02DA6D41600DF848C /* Frameworks */ = {
			isa = PBXFrameworksBuildPhase;
			buildActionMask = 2147483647;
			files = (
			);
			runOnlyForDeploymentPostprocessing = 0;
		};
		E2D331CD2DA6D41900DF848C /* Frameworks */ = {
			isa = PBXFrameworksBuildPhase;
			buildActionMask = 2147483647;
			files = (
			);
			runOnlyForDeploymentPostprocessing = 0;
		};
		E2D331D72DA6D41900DF848C /* Frameworks */ = {
			isa = PBXFrameworksBuildPhase;
			buildActionMask = 2147483647;
			files = (
			);
			runOnlyForDeploymentPostprocessing = 0;
		};
/* End PBXFrameworksBuildPhase section */

/* Begin PBXGroup section */
		E2D331BA2DA6D41600DF848C = {
			isa = PBXGroup;
			children = (
				E2D331C52DA6D41600DF848C /* EmotionsLabTherapist */,
				E2D331D32DA6D41900DF848C /* EmotionsLabTherapistTests */,
				E2D331DD2DA6D41900DF848C /* EmotionsLabTherapistUITests */,
				E2D331C42DA6D41600DF848C /* Products */,
			);
			sourceTree = "<group>";
		};
		E2D331C42DA6D41600DF848C /* Products */ = {
			isa = PBXGroup;
			children = (
				E2D331C32DA6D41600DF848C /* EmotionsLabTherapist.app */,
				E2D331D02DA6D41900DF848C /* EmotionsLabTherapistTests.xctest */,
				E2D331DA2DA6D41900DF848C /* EmotionsLabTherapistUITests.xctest */,
			);
			name = Products;
			sourceTree = "<group>";
		};
/* End PBXGroup section */

/* Begin PBXNativeTarget section */
		E2D331C22DA6D41600DF848C /* EmotionsLabTherapist */ = {
			isa = PBXNativeTarget;
			buildConfigurationList = E2D331E42DA6D41900DF848C /* Build configuration list for PBXNativeTarget "EmotionsLabTherapist" */;
			buildPhases = (
				E2D331BF2DA6D41600DF848C /* Sources */,
				E2D331C02DA6D41600DF848C /* Frameworks */,
				E2D331C12DA6D41600DF848C /* Resources */,
			);
			buildRules = (
			);
			dependencies = (
			);
			fileSystemSynchronizedGroups = (
				E2D331C52DA6D41600DF848C /* EmotionsLabTherapist */,
			);
			name = EmotionsLabTherapist;
			packageProductDependencies = (
			);
			productName = EmotionsLabTherapist;
			productReference = E2D331C32DA6D41600DF848C /* EmotionsLabTherapist.app */;
			productType = "com.apple.product-type.application";
		};
		E2D331CF2DA6D41900DF848C /* EmotionsLabTherapistTests */ = {
			isa = PBXNativeTarget;
			buildConfigurationList = E2D331E72DA6D41900DF848C /* Build configuration list for PBXNativeTarget "EmotionsLabTherapistTests" */;
			buildPhases = (
				E2D331CC2DA6D41900DF848C /* Sources */,
				E2D331CD2DA6D41900DF848C /* Frameworks */,
				E2D331CE2DA6D41900DF848C /* Resources */,
			);
			buildRules = (
			);
			dependencies = (
				E2D331D22DA6D41900DF848C /* PBXTargetDependency */,
			);
			fileSystemSynchronizedGroups = (
				E2D331D32DA6D41900DF848C /* EmotionsLabTherapistTests */,
			);
			name = EmotionsLabTherapistTests;
			packageProductDependencies = (
			);
			productName = EmotionsLabTherapistTests;
			productReference = E2D331D02DA6D41900DF848C /* EmotionsLabTherapistTests.xctest */;
			productType = "com.apple.product-type.bundle.unit-test";
		};
		E2D331D92DA6D41900DF848C /* EmotionsLabTherapistUITests */ = {
			isa = PBXNativeTarget;
			buildConfigurationList = E2D331EA2DA6D41900DF848C /* Build configuration list for PBXNativeTarget "EmotionsLabTherapistUITests" */;
			buildPhases = (
				E2D331D62DA6D41900DF848C /* Sources */,
				E2D331D72DA6D41900DF848C /* Frameworks */,
				E2D331D82DA6D41900DF848C /* Resources */,
			);
			buildRules = (
			);
			dependencies = (
				E2D331DC2DA6D41900DF848C /* PBXTargetDependency */,
			);
			fileSystemSynchronizedGroups = (
				E2D331DD2DA6D41900DF848C /* EmotionsLabTherapistUITests */,
			);
			name = EmotionsLabTherapistUITests;
			packageProductDependencies = (
			);
			productName = EmotionsLabTherapistUITests;
			productReference = E2D331DA2DA6D41900DF848C /* EmotionsLabTherapistUITests.xctest */;
			productType = "com.apple.product-type.bundle.ui-testing";
		};
/* End PBXNativeTarget section */

/* Begin PBXProject section */
		E2D331BB2DA6D41600DF848C /* Project object */ = {
			isa = PBXProject;
			attributes = {
				BuildIndependentTargetsInParallel = 1;
				LastSwiftUpdateCheck = 1630;
				LastUpgradeCheck = 1630;
				TargetAttributes = {
					E2D331C22DA6D41600DF848C = {
						CreatedOnToolsVersion = 16.3;
					};
					E2D331CF2DA6D41900DF848C = {
						CreatedOnToolsVersion = 16.3;
						TestTargetID = E2D331C22DA6D41600DF848C;
					};
					E2D331D92DA6D41900DF848C = {
						CreatedOnToolsVersion = 16.3;
						TestTargetID = E2D331C22DA6D41600DF848C;
					};
				};
			};
			buildConfigurationList = E2D331BE2DA6D41600DF848C /* Build configuration list for PBXProject "EmotionsLabTherapist" */;
			developmentRegion = en;
			hasScannedForEncodings = 0;
			knownRegions = (
				en,
				Base,
			);
			mainGroup = E2D331BA2DA6D41600DF848C;
			minimizedProjectReferenceProxies = 1;
			preferredProjectObjectVersion = 77;
			productRefGroup = E2D331C42DA6D41600DF848C /* Products */;
			projectDirPath = "";
			projectRoot = "";
			targets = (
				E2D331C22DA6D41600DF848C /* EmotionsLabTherapist */,
				E2D331CF2DA6D41900DF848C /* EmotionsLabTherapistTests */,
				E2D331D92DA6D41900DF848C /* EmotionsLabTherapistUITests */,
			);
		};
/* End PBXProject section */

/* Begin PBXResourcesBuildPhase section */
		E2D331C12DA6D41600DF848C /* Resources */ = {
			isa = PBXResourcesBuildPhase;
			buildActionMask = 2147483647;
			files = (
			);
			runOnlyForDeploymentPostprocessing = 0;
		};
		E2D331CE2DA6D41900DF848C /* Resources */ = {
			isa = PBXResourcesBuildPhase;
			buildActionMask = 2147483647;
			files = (
			);
			runOnlyForDeploymentPostprocessing = 0;
		};
		E2D331D82DA6D41900DF848C /* Resources */ = {
			isa = PBXResourcesBuildPhase;
			buildActionMask = 2147483647;
			files = (
			);
			runOnlyForDeploymentPostprocessing = 0;
		};
/* End PBXResourcesBuildPhase section */

/* Begin PBXSourcesBuildPhase section */
		E2D331BF2DA6D41600DF848C /* Sources */ = {
			isa = PBXSourcesBuildPhase;
			buildActionMask = 2147483647;
			files = (
			);
			runOnlyForDeploymentPostprocessing = 0;
		};
		E2D331CC2DA6D41900DF848C /* Sources */ = {
			isa = PBXSourcesBuildPhase;
			buildActionMask = 2147483647;
			files = (
			);
			runOnlyForDeploymentPostprocessing = 0;
		};
		E2D331D62DA6D41900DF848C /* Sources */ = {
			isa = PBXSourcesBuildPhase;
			buildActionMask = 2147483647;
			files = (
			);
			runOnlyForDeploymentPostprocessing = 0;
		};
/* End PBXSourcesBuildPhase section */

/* Begin PBXTargetDependency section */
		E2D331D22DA6D41900DF848C /* PBXTargetDependency */ = {
			isa = PBXTargetDependency;
			target = E2D331C22DA6D41600DF848C /* EmotionsLabTherapist */;
			targetProxy = E2D331D12DA6D41900DF848C /* PBXContainerItemProxy */;
		};
		E2D331DC2DA6D41900DF848C /* PBXTargetDependency */ = {
			isa = PBXTargetDependency;
			target = E2D331C22DA6D41600DF848C /* EmotionsLabTherapist */;
			targetProxy = E2D331DB2DA6D41900DF848C /* PBXContainerItemProxy */;
		};
/* End PBXTargetDependency section */

/* Begin XCBuildConfiguration section */
		E2D331E22DA6D41900DF848C /* Debug */ = {
			isa = XCBuildConfiguration;
			buildSettings = {
				ALWAYS_SEARCH_USER_PATHS = NO;
				ASSETCATALOG_COMPILER_GENERATE_SWIFT_ASSET_SYMBOL_EXTENSIONS = YES;
				CLANG_ANALYZER_NONNULL = YES;
				CLANG_ANALYZER_NUMBER_OBJECT_CONVERSION = YES_AGGRESSIVE;
				CLANG_CXX_LANGUAGE_STANDARD = "gnu++20";
				CLANG_ENABLE_MODULES = YES;
				CLANG_ENABLE_OBJC_ARC = YES;
				CLANG_ENABLE_OBJC_WEAK = YES;
				CLANG_WARN_BLOCK_CAPTURE_AUTORELEASING = YES;
				CLANG_WARN_BOOL_CONVERSION = YES;
				CLANG_WARN_COMMA = YES;
				CLANG_WARN_CONSTANT_CONVERSION = YES;
				CLANG_WARN_DEPRECATED_OBJC_IMPLEMENTATIONS = YES;
				CLANG_WARN_DIRECT_OBJC_ISA_USAGE = YES_ERROR;
				CLANG_WARN_DOCUMENTATION_COMMENTS = YES;
				CLANG_WARN_EMPTY_BODY = YES;
				CLANG_WARN_ENUM_CONVERSION = YES;
				CLANG_WARN_INFINITE_RECURSION = YES;
				CLANG_WARN_INT_CONVERSION = YES;
				CLANG_WARN_NON_LITERAL_NULL_CONVERSION = YES;
				CLANG_WARN_OBJC_IMPLICIT_RETAIN_SELF = YES;
				CLANG_WARN_OBJC_LITERAL_CONVERSION = YES;
				CLANG_WARN_OBJC_ROOT_CLASS = YES_ERROR;
				CLANG_WARN_QUOTED_INCLUDE_IN_FRAMEWORK_HEADER = YES;
				CLANG_WARN_RANGE_LOOP_ANALYSIS = YES;
				CLANG_WARN_STRICT_PROTOTYPES = YES;
				CLANG_WARN_SUSPICIOUS_MOVE = YES;
				CLANG_WARN_UNGUARDED_AVAILABILITY = YES_AGGRESSIVE;
				CLANG_WARN_UNREACHABLE_CODE = YES;
				CLANG_WARN__DUPLICATE_METHOD_MATCH = YES;
				COPY_PHASE_STRIP = NO;
				DEBUG_INFORMATION_FORMAT = dwarf;
				DEVELOPMENT_TEAM = Z6S698QJX2;
				ENABLE_STRICT_OBJC_MSGSEND = YES;
				ENABLE_TESTABILITY = YES;
				ENABLE_USER_SCRIPT_SANDBOXING = YES;
				GCC_C_LANGUAGE_STANDARD = gnu17;
				GCC_DYNAMIC_NO_PIC = NO;
				GCC_NO_COMMON_BLOCKS = YES;
				GCC_OPTIMIZATION_LEVEL = 0;
				GCC_PREPROCESSOR_DEFINITIONS = (
					"DEBUG=1",
					"$(inherited)",
				);
				GCC_WARN_64_TO_32_BIT_CONVERSION = YES;
				GCC_WARN_ABOUT_RETURN_TYPE = YES_ERROR;
				GCC_WARN_UNDECLARED_SELECTOR = YES;
				GCC_WARN_UNINITIALIZED_AUTOS = YES_AGGRESSIVE;
				GCC_WARN_UNUSED_FUNCTION = YES;
				GCC_WARN_UNUSED_VARIABLE = YES;
				IPHONEOS_DEPLOYMENT_TARGET = 18.4;
				LOCALIZATION_PREFERS_STRING_CATALOGS = YES;
				MTL_ENABLE_DEBUG_INFO = INCLUDE_SOURCE;
				MTL_FAST_MATH = YES;
				ONLY_ACTIVE_ARCH = YES;
				SDKROOT = iphoneos;
				SWIFT_ACTIVE_COMPILATION_CONDITIONS = "DEBUG $(inherited)";
				SWIFT_OPTIMIZATION_LEVEL = "-Onone";
			};
			name = Debug;
		};
		E2D331E32DA6D41900DF848C /* Release */ = {
			isa = XCBuildConfiguration;
			buildSettings = {
				ALWAYS_SEARCH_USER_PATHS = NO;
				ASSETCATALOG_COMPILER_GENERATE_SWIFT_ASSET_SYMBOL_EXTENSIONS = YES;
				CLANG_ANALYZER_NONNULL = YES;
				CLANG_ANALYZER_NUMBER_OBJECT_CONVERSION = YES_AGGRESSIVE;
				CLANG_CXX_LANGUAGE_STANDARD = "gnu++20";
				CLANG_ENABLE_MODULES = YES;
				CLANG_ENABLE_OBJC_ARC = YES;
				CLANG_ENABLE_OBJC_WEAK = YES;
				CLANG_WARN_BLOCK_CAPTURE_AUTORELEASING = YES;
				CLANG_WARN_BOOL_CONVERSION = YES;
				CLANG_WARN_COMMA = YES;
				CLANG_WARN_CONSTANT_CONVERSION = YES;
				CLANG_WARN_DEPRECATED_OBJC_IMPLEMENTATIONS = YES;
				CLANG_WARN_DIRECT_OBJC_ISA_USAGE = YES_ERROR;
				CLANG_WARN_DOCUMENTATION_COMMENTS = YES;
				CLANG_WARN_EMPTY_BODY = YES;
				CLANG_WARN_ENUM_CONVERSION = YES;
				CLANG_WARN_INFINITE_RECURSION = YES;
				CLANG_WARN_INT_CONVERSION = YES;
				CLANG_WARN_NON_LITERAL_NULL_CONVERSION = YES;
				CLANG_WARN_OBJC_IMPLICIT_RETAIN_SELF = YES;
				CLANG_WARN_OBJC_LITERAL_CONVERSION = YES;
				CLANG_WARN_OBJC_ROOT_CLASS = YES_ERROR;
				CLANG_WARN_QUOTED_INCLUDE_IN_FRAMEWORK_HEADER = YES;
				CLANG_WARN_RANGE_LOOP_ANALYSIS = YES;
				CLANG_WARN_STRICT_PROTOTYPES = YES;
				CLANG_WARN_SUSPICIOUS_MOVE = YES;
				CLANG_WARN_UNGUARDED_AVAILABILITY = YES_AGGRESSIVE;
				CLANG_WARN_UNREACHABLE_CODE = YES;
				CLANG_WARN__DUPLICATE_METHOD_MATCH = YES;
				COPY_PHASE_STRIP = NO;
				DEBUG_INFORMATION_FORMAT = "dwarf-with-dsym";
				DEVELOPMENT_TEAM = Z6S698QJX2;
				ENABLE_NS_ASSERTIONS = NO;
				ENABLE_STRICT_OBJC_MSGSEND = YES;
				ENABLE_USER_SCRIPT_SANDBOXING = YES;
				GCC_C_LANGUAGE_STANDARD = gnu17;
				GCC_NO_COMMON_BLOCKS = YES;
				GCC_WARN_64_TO_32_BIT_CONVERSION = YES;
				GCC_WARN_ABOUT_RETURN_TYPE = YES_ERROR;
				GCC_WARN_UNDECLARED_SELECTOR = YES;
				GCC_WARN_UNINITIALIZED_AUTOS = YES_AGGRESSIVE;
				GCC_WARN_UNUSED_FUNCTION = YES;
				GCC_WARN_UNUSED_VARIABLE = YES;
				IPHONEOS_DEPLOYMENT_TARGET = 18.4;
				LOCALIZATION_PREFERS_STRING_CATALOGS = YES;
				MTL_ENABLE_DEBUG_INFO = NO;
				MTL_FAST_MATH = YES;
				SDKROOT = iphoneos;
				SWIFT_COMPILATION_MODE = wholemodule;
				VALIDATE_PRODUCT = YES;
			};
			name = Release;
		};
		E2D331E52DA6D41900DF848C /* Debug */ = {
			isa = XCBuildConfiguration;
			buildSettings = {
				ASSETCATALOG_COMPILER_APPICON_NAME = AppIcon;
				ASSETCATALOG_COMPILER_GLOBAL_ACCENT_COLOR_NAME = AccentColor;
				CODE_SIGN_STYLE = Automatic;
				CURRENT_PROJECT_VERSION = 1;
				DEVELOPMENT_TEAM = Z6S698QJX2;
				ENABLE_PREVIEWS = YES;
				GENERATE_INFOPLIST_FILE = YES;
				INFOPLIST_KEY_UIApplicationSceneManifest_Generation = YES;
				INFOPLIST_KEY_UIApplicationSupportsIndirectInputEvents = YES;
				INFOPLIST_KEY_UILaunchScreen_Generation = YES;
				INFOPLIST_KEY_UISupportedInterfaceOrientations_iPad = "UIInterfaceOrientationPortrait UIInterfaceOrientationPortraitUpsideDown UIInterfaceOrientationLandscapeLeft UIInterfaceOrientationLandscapeRight";
				INFOPLIST_KEY_UISupportedInterfaceOrientations_iPhone = "UIInterfaceOrientationPortrait UIInterfaceOrientationLandscapeLeft UIInterfaceOrientationLandscapeRight";
				LD_RUNPATH_SEARCH_PATHS = (
					"$(inherited)",
					"@executable_path/Frameworks",
				);
				MARKETING_VERSION = 1.0;
				PRODUCT_BUNDLE_IDENTIFIER = test.EmotionsLabTherapist;
				PRODUCT_NAME = "$(TARGET_NAME)";
				SWIFT_EMIT_LOC_STRINGS = YES;
				SWIFT_VERSION = 5.0;
				TARGETED_DEVICE_FAMILY = "1,2";
			};
			name = Debug;
		};
		E2D331E62DA6D41900DF848C /* Release */ = {
			isa = XCBuildConfiguration;
			buildSettings = {
				ASSETCATALOG_COMPILER_APPICON_NAME = AppIcon;
				ASSETCATALOG_COMPILER_GLOBAL_ACCENT_COLOR_NAME = AccentColor;
				CODE_SIGN_STYLE = Automatic;
				CURRENT_PROJECT_VERSION = 1;
				DEVELOPMENT_TEAM = Z6S698QJX2;
				ENABLE_PREVIEWS = YES;
				GENERATE_INFOPLIST_FILE = YES;
				INFOPLIST_KEY_UIApplicationSceneManifest_Generation = YES;
				INFOPLIST_KEY_UIApplicationSupportsIndirectInputEvents = YES;
				INFOPLIST_KEY_UILaunchScreen_Generation = YES;
				INFOPLIST_KEY_UISupportedInterfaceOrientations_iPad = "UIInterfaceOrientationPortrait UIInterfaceOrientationPortraitUpsideDown UIInterfaceOrientationLandscapeLeft UIInterfaceOrientationLandscapeRight";
				INFOPLIST_KEY_UISupportedInterfaceOrientations_iPhone = "UIInterfaceOrientationPortrait UIInterfaceOrientationLandscapeLeft UIInterfaceOrientationLandscapeRight";
				LD_RUNPATH_SEARCH_PATHS = (
					"$(inherited)",
					"@executable_path/Frameworks",
				);
				MARKETING_VERSION = 1.0;
				PRODUCT_BUNDLE_IDENTIFIER = test.EmotionsLabTherapist;
				PRODUCT_NAME = "$(TARGET_NAME)";
				SWIFT_EMIT_LOC_STRINGS = YES;
				SWIFT_VERSION = 5.0;
				TARGETED_DEVICE_FAMILY = "1,2";
			};
			name = Release;
		};
		E2D331E82DA6D41900DF848C /* Debug */ = {
			isa = XCBuildConfiguration;
			buildSettings = {
				BUNDLE_LOADER = "$(TEST_HOST)";
				CODE_SIGN_STYLE = Automatic;
				CURRENT_PROJECT_VERSION = 1;
				DEVELOPMENT_TEAM = Z6S698QJX2;
				GENERATE_INFOPLIST_FILE = YES;
				IPHONEOS_DEPLOYMENT_TARGET = 18.4;
				MARKETING_VERSION = 1.0;
				PRODUCT_BUNDLE_IDENTIFIER = test.EmotionsLabTherapistTests;
				PRODUCT_NAME = "$(TARGET_NAME)";
				SWIFT_EMIT_LOC_STRINGS = NO;
				SWIFT_VERSION = 5.0;
				TARGETED_DEVICE_FAMILY = "1,2";
				TEST_HOST = "$(BUILT_PRODUCTS_DIR)/EmotionsLabTherapist.app/$(BUNDLE_EXECUTABLE_FOLDER_PATH)/EmotionsLabTherapist";
			};
			name = Debug;
		};
		E2D331E92DA6D41900DF848C /* Release */ = {
			isa = XCBuildConfiguration;
			buildSettings = {
				BUNDLE_LOADER = "$(TEST_HOST)";
				CODE_SIGN_STYLE = Automatic;
				CURRENT_PROJECT_VERSION = 1;
				DEVELOPMENT_TEAM = Z6S698QJX2;
				GENERATE_INFOPLIST_FILE = YES;
				IPHONEOS_DEPLOYMENT_TARGET = 18.4;
				MARKETING_VERSION = 1.0;
				PRODUCT_BUNDLE_IDENTIFIER = test.EmotionsLabTherapistTests;
				PRODUCT_NAME = "$(TARGET_NAME)";
				SWIFT_EMIT_LOC_STRINGS = NO;
				SWIFT_VERSION = 5.0;
				TARGETED_DEVICE_FAMILY = "1,2";
				TEST_HOST = "$(BUILT_PRODUCTS_DIR)/EmotionsLabTherapist.app/$(BUNDLE_EXECUTABLE_FOLDER_PATH)/EmotionsLabTherapist";
			};
			name = Release;
		};
		E2D331EB2DA6D41900DF848C /* Debug */ = {
			isa = XCBuildConfiguration;
			buildSettings = {
				CODE_SIGN_STYLE = Automatic;
				CURRENT_PROJECT_VERSION = 1;
				DEVELOPMENT_TEAM = Z6S698QJX2;
				GENERATE_INFOPLIST_FILE = YES;
				MARKETING_VERSION = 1.0;
				PRODUCT_BUNDLE_IDENTIFIER = test.EmotionsLabTherapistUITests;
				PRODUCT_NAME = "$(TARGET_NAME)";
				SWIFT_EMIT_LOC_STRINGS = NO;
				SWIFT_VERSION = 5.0;
				TARGETED_DEVICE_FAMILY = "1,2";
				TEST_TARGET_NAME = EmotionsLabTherapist;
			};
			name = Debug;
		};
		E2D331EC2DA6D41900DF848C /* Release */ = {
			isa = XCBuildConfiguration;
			buildSettings = {
				CODE_SIGN_STYLE = Automatic;
				CURRENT_PROJECT_VERSION = 1;
				DEVELOPMENT_TEAM = Z6S698QJX2;
				GENERATE_INFOPLIST_FILE = YES;
				MARKETING_VERSION = 1.0;
				PRODUCT_BUNDLE_IDENTIFIER = test.EmotionsLabTherapistUITests;
				PRODUCT_NAME = "$(TARGET_NAME)";
				SWIFT_EMIT_LOC_STRINGS = NO;
				SWIFT_VERSION = 5.0;
				TARGETED_DEVICE_FAMILY = "1,2";
				TEST_TARGET_NAME = EmotionsLabTherapist;
			};
			name = Release;
		};
/* End XCBuildConfiguration section */

/* Begin XCConfigurationList section */
		E2D331BE2DA6D41600DF848C /* Build configuration list for PBXProject "EmotionsLabTherapist" */ = {
			isa = XCConfigurationList;
			buildConfigurations = (
				E2D331E22DA6D41900DF848C /* Debug */,
				E2D331E32DA6D41900DF848C /* Release */,
			);
			defaultConfigurationIsVisible = 0;
			defaultConfigurationName = Release;
		};
		E2D331E42DA6D41900DF848C /* Build configuration list for PBXNativeTarget "EmotionsLabTherapist" */ = {
			isa = XCConfigurationList;
			buildConfigurations = (
				E2D331E52DA6D41900DF848C /* Debug */,
				E2D331E62DA6D41900DF848C /* Release */,
			);
			defaultConfigurationIsVisible = 0;
			defaultConfigurationName = Release;
		};
		E2D331E72DA6D41900DF848C /* Build configuration list for PBXNativeTarget "EmotionsLabTherapistTests" */ = {
			isa = XCConfigurationList;
			buildConfigurations = (
				E2D331E82DA6D41900DF848C /* Debug */,
				E2D331E92DA6D41900DF848C /* Release */,
			);
			defaultConfigurationIsVisible = 0;
			defaultConfigurationName = Release;
		};
		E2D331EA2DA6D41900DF848C /* Build configuration list for PBXNativeTarget "EmotionsLabTherapistUITests" */ = {
			isa = XCConfigurationList;
			buildConfigurations = (
				E2D331EB2DA6D41900DF848C /* Debug */,
				E2D331EC2DA6D41900DF848C /* Release */,
			);
			defaultConfigurationIsVisible = 0;
			defaultConfigurationName = Release;
		};
/* End XCConfigurationList section */
	};
	rootObject = E2D331BB2DA6D41600DF848C /* Project object */;
}
